
Microsoft Visual Studio Solution File, Format Version 11.00
# Visual Studio 2010
Project("{FAE04EC0-301F-11D3-BF4B-00C04F79EFBC}") = "Configuration", "Configuration\Configuration.csproj", "{954CC12A-6B97-4602-BC95-6BD5A57487C9}"
EndProject
Project("{FAE04EC0-301F-11D3-BF4B-00C04F79EFBC}") = "DataCollector", "DataCollector\DataCollector.csproj", "{02F32DB5-01F2-446A-A84E-FE862137E5F6}"
EndProject
Project("{FAE04EC0-301F-11D3-BF4B-00C04F79EFBC}") = "Configuration.Test", "Configuration.Test\Configuration.Test.csproj", "{0643E17D-3404-406B-B0BF-DC2EF3278B93}"
EndProject
Project("{2150E333-8FDC-42A3-9474-1A3956D46DE8}") = "Solution Items", "Solution Items", "{4BAD5388-A2CC-4E78-9FB4-A779D7E4F0E1}"
	ProjectSection(SolutionItems) = preProject
		Configuration.vsmdi = Configuration.vsmdi
		Local.testsettings = Local.testsettings
		TraceAndTestImpact.testsettings = TraceAndTestImpact.testsettings
	EndProjectSection
EndProject
Project("{FAE04EC0-301F-11D3-BF4B-00C04F79EFBC}") = "DataCollector.Test", "DataCollector.Test\DataCollector.Test.csproj", "{57A02DE3-F8E8-4714-9681-A0F45379E4F3}"
EndProject
Project("{FAE04EC0-301F-11D3-BF4B-00C04F79EFBC}") = "SlickSharp", "..\slickqa.slicksharp\SlickSharp\SlickSharp.csproj", "{4DB0F133-F095-4C10-BF62-0939195F26FB}"
EndProject
Project("{2150E333-8FDC-42A3-9474-1A3956D46DE8}") = ".nuget", ".nuget", "{6A8DDE96-9BD1-4B3F-B146-53A8E5C6FB97}"
	ProjectSection(SolutionItems) = preProject
		.nuget\NuGet.Config = .nuget\NuGet.Config
		.nuget\nuget.exe = .nuget\nuget.exe
		.nuget\NuGet.targets = .nuget\NuGet.targets
	EndProjectSection
EndProject
Global
	GlobalSection(TestCaseManagementSettings) = postSolution
		CategoryFile = Configuration.vsmdi
	EndGlobalSection
	GlobalSection(SolutionConfigurationPlatforms) = preSolution
		Debug|Any CPU = Debug|Any CPU
		Release|Any CPU = Release|Any CPU
	EndGlobalSection
	GlobalSection(ProjectConfigurationPlatforms) = postSolution
		{954CC12A-6B97-4602-BC95-6BD5A57487C9}.Debug|Any CPU.ActiveCfg = Debug|Any CPU
		{954CC12A-6B97-4602-BC95-6BD5A57487C9}.Debug|Any CPU.Build.0 = Debug|Any CPU
		{954CC12A-6B97-4602-BC95-6BD5A57487C9}.Release|Any CPU.ActiveCfg = Release|Any CPU
		{954CC12A-6B97-4602-BC95-6BD5A57487C9}.Release|Any CPU.Build.0 = Release|Any CPU
		{02F32DB5-01F2-446A-A84E-FE862137E5F6}.Debug|Any CPU.ActiveCfg = Debug|Any CPU
		{02F32DB5-01F2-446A-A84E-FE862137E5F6}.Debug|Any CPU.Build.0 = Debug|Any CPU
		{02F32DB5-01F2-446A-A84E-FE862137E5F6}.Release|Any CPU.ActiveCfg = Release|Any CPU
		{02F32DB5-01F2-446A-A84E-FE862137E5F6}.Release|Any CPU.Build.0 = Release|Any CPU
		{0643E17D-3404-406B-B0BF-DC2EF3278B93}.Debug|Any CPU.ActiveCfg = Debug|Any CPU
		{0643E17D-3404-406B-B0BF-DC2EF3278B93}.Debug|Any CPU.Build.0 = Debug|Any CPU
		{0643E17D-3404-406B-B0BF-DC2EF3278B93}.Release|Any CPU.ActiveCfg = Release|Any CPU
		{0643E17D-3404-406B-B0BF-DC2EF3278B93}.Release|Any CPU.Build.0 = Release|Any CPU
		{57A02DE3-F8E8-4714-9681-A0F45379E4F3}.Debug|Any CPU.ActiveCfg = Debug|Any CPU
		{57A02DE3-F8E8-4714-9681-A0F45379E4F3}.Debug|Any CPU.Build.0 = Debug|Any CPU
		{57A02DE3-F8E8-4714-9681-A0F45379E4F3}.Release|Any CPU.ActiveCfg = Release|Any CPU
		{57A02DE3-F8E8-4714-9681-A0F45379E4F3}.Release|Any CPU.Build.0 = Release|Any CPU
	EndGlobalSection
	GlobalSection(SolutionProperties) = preSolution
		HideSolutionNode = FALSE
	EndGlobalSection
EndGlobal
